
Microsoft Visual Studio Solution File, Format Version 12.00
# Visual Studio Version 17
VisualStudioVersion = 17.4.33213.308
MinimumVisualStudioVersion = 10.0.40219.1
Project("{FAE04EC0-301F-11D3-BF4B-00C04F79EFBC}") = "TestProject1", "TestProject1\TestProject1.csproj", "{3F941611-AFA1-46AB-BEFA-432D93E419DC}"
EndProject
Global
	GlobalSection(SolutionConfigurationPlatforms) = preSolution
		Debug|Any CPU = Debug|Any CPU
		Release|Any CPU = Release|Any CPU
	EndGlobalSection
	GlobalSection(ProjectConfigurationPlatforms) = postSolution
		{3F941611-AFA1-46AB-BEFA-432D93E419DC}.Debug|Any CPU.ActiveCfg = Debug|Any CPU
		{3F941611-AFA1-46AB-BEFA-432D93E419DC}.Debug|Any CPU.Build.0 = Debug|Any CPU
		{3F941611-AFA1-46AB-BEFA-432D93E419DC}.Release|Any CPU.ActiveCfg = Release|Any CPU
		{3F941611-AFA1-46AB-BEFA-432D93E419DC}.Release|Any CPU.Build.0 = Release|Any CPU
	EndGlobalSection
	GlobalSection(SolutionProperties) = preSolution
		HideSolutionNode = FALSE
	EndGlobalSection
	GlobalSection(ExtensibilityGlobals) = postSolution
		SolutionGuid = {162762E0-BB68-4EA7-BA72-17A8553AD438}
	EndGlobalSection
EndGlobal
